// !$*UTF8*$!
{
	archiveVersion = 1;
	classes = {
	};
	objectVersion = 50;
	objects = {

/* Begin PBXBuildFile section */
		869AD7AE268B9CAD006F9AD7 /* AppDelegate.swift in Sources */ = {isa = PBXBuildFile; fileRef = 869AD7AD268B9CAD006F9AD7 /* AppDelegate.swift */; };
		869AD7B0268B9CAD006F9AD7 /* SceneDelegate.swift in Sources */ = {isa = PBXBuildFile; fileRef = 869AD7AF268B9CAD006F9AD7 /* SceneDelegate.swift */; };
		869AD7B2268B9CAD006F9AD7 /* ViewController.swift in Sources */ = {isa = PBXBuildFile; fileRef = 869AD7B1268B9CAD006F9AD7 /* ViewController.swift */; };
		869AD7B5268B9CAD006F9AD7 /* Main.storyboard in Resources */ = {isa = PBXBuildFile; fileRef = 869AD7B3268B9CAD006F9AD7 /* Main.storyboard */; };
		869AD7B7268B9CAF006F9AD7 /* Assets.xcassets in Resources */ = {isa = PBXBuildFile; fileRef = 869AD7B6268B9CAF006F9AD7 /* Assets.xcassets */; };
		869AD7BA268B9CAF006F9AD7 /* LaunchScreen.storyboard in Resources */ = {isa = PBXBuildFile; fileRef = 869AD7B8268B9CAF006F9AD7 /* LaunchScreen.storyboard */; };
/* End PBXBuildFile section */

/* Begin PBXFileReference section */
		869AD7AA268B9CAD006F9AD7 /* kaitlynv-practice.app */ = {isa = PBXFileReference; explicitFileType = wrapper.application; includeInIndex = 0; path = "kaitlynv-practice.app"; sourceTree = BUILT_PRODUCTS_DIR; };
		869AD7AD268B9CAD006F9AD7 /* AppDelegate.swift */ = {isa = PBXFileReference; lastKnownFileType = sourcecode.swift; path = AppDelegate.swift; sourceTree = "<group>"; };
		869AD7AF268B9CAD006F9AD7 /* SceneDelegate.swift */ = {isa = PBXFileReference; lastKnownFileType = sourcecode.swift; path = SceneDelegate.swift; sourceTree = "<group>"; };
		869AD7B1268B9CAD006F9AD7 /* ViewController.swift */ = {isa = PBXFileReference; lastKnownFileType = sourcecode.swift; path = ViewController.swift; sourceTree = "<group>"; };
		869AD7B4268B9CAD006F9AD7 /* Base */ = {isa = PBXFileReference; lastKnownFileType = file.storyboard; name = Base; path = Base.lproj/Main.storyboard; sourceTree = "<group>"; };
		869AD7B6268B9CAF006F9AD7 /* Assets.xcassets */ = {isa = PBXFileReference; lastKnownFileType = folder.assetcatalog; path = Assets.xcassets; sourceTree = "<group>"; };
		869AD7B9268B9CAF006F9AD7 /* Base */ = {isa = PBXFileReference; lastKnownFileType = file.storyboard; name = Base; path = Base.lproj/LaunchScreen.storyboard; sourceTree = "<group>"; };
		869AD7BB268B9CAF006F9AD7 /* Info.plist */ = {isa = PBXFileReference; lastKnownFileType = text.plist.xml; path = Info.plist; sourceTree = "<group>"; };
/* End PBXFileReference section */

/* Begin PBXFrameworksBuildPhase section */
		869AD7A7268B9CAD006F9AD7 /* Frameworks */ = {
			isa = PBXFrameworksBuildPhase;
			buildActionMask = 2147483647;
			files = (
			);
			runOnlyForDeploymentPostprocessing = 0;
		};
/* End PBXFrameworksBuildPhase section */

/* Begin PBXGroup section */
		869AD7A1268B9CAD006F9AD7 = {
			isa = PBXGroup;
			children = (
				869AD7AC268B9CAD006F9AD7 /* kaitlynv-practice */,
				869AD7AB268B9CAD006F9AD7 /* Products */,
			);
			sourceTree = "<group>";
		};
		869AD7AB268B9CAD006F9AD7 /* Products */ = {
			isa = PBXGroup;
			children = (
				869AD7AA268B9CAD006F9AD7 /* kaitlynv-practice.app */,
			);
			name = Products;
			sourceTree = "<group>";
		};
		869AD7AC268B9CAD006F9AD7 /* kaitlynv-practice */ = {
			isa = PBXGroup;
			children = (
				869AD7AD268B9CAD006F9AD7 /* AppDelegate.swift */,
				869AD7AF268B9CAD006F9AD7 /* SceneDelegate.swift */,
				869AD7B1268B9CAD006F9AD7 /* ViewController.swift */,
				869AD7B3268B9CAD006F9AD7 /* Main.storyboard */,
				869AD7B6268B9CAF006F9AD7 /* Assets.xcassets */,
				869AD7B8268B9CAF006F9AD7 /* LaunchScreen.storyboard */,
				869AD7BB268B9CAF006F9AD7 /* Info.plist */,
			);
			path = "kaitlynv-practice";
			sourceTree = "<group>";
		};
/* End PBXGroup section */

/* Begin PBXNativeTarget section */
		869AD7A9268B9CAD006F9AD7 /* kaitlynv-practice */ = {
			isa = PBXNativeTarget;
			buildConfigurationList = 869AD7BE268B9CAF006F9AD7 /* Build configuration list for PBXNativeTarget "kaitlynv-practice" */;
			buildPhases = (
				869AD7A6268B9CAD006F9AD7 /* Sources */,
				869AD7A7268B9CAD006F9AD7 /* Frameworks */,
				869AD7A8268B9CAD006F9AD7 /* Resources */,
			);
			buildRules = (
			);
			dependencies = (
			);
			name = "kaitlynv-practice";
			productName = "kaitlynv-practice";
			productReference = 869AD7AA268B9CAD006F9AD7 /* kaitlynv-practice.app */;
			productType = "com.apple.product-type.application";
		};
/* End PBXNativeTarget section */

/* Begin PBXProject section */
		869AD7A2268B9CAD006F9AD7 /* Project object */ = {
			isa = PBXProject;
			attributes = {
				LastSwiftUpdateCheck = 1250;
				LastUpgradeCheck = 1250;
				TargetAttributes = {
					869AD7A9268B9CAD006F9AD7 = {
						CreatedOnToolsVersion = 12.5.1;
					};
				};
			};
			buildConfigurationList = 869AD7A5268B9CAD006F9AD7 /* Build configuration list for PBXProject "kaitlynv-practice" */;
			compatibilityVersion = "Xcode 9.3";
			developmentRegion = en;
			hasScannedForEncodings = 0;
			knownRegions = (
				en,
				Base,
			);
			mainGroup = 869AD7A1268B9CAD006F9AD7;
			productRefGroup = 869AD7AB268B9CAD006F9AD7 /* Products */;
			projectDirPath = "";
			projectRoot = "";
			targets = (
				869AD7A9268B9CAD006F9AD7 /* kaitlynv-practice */,
			);
		};
/* End PBXProject section */

/* Begin PBXResourcesBuildPhase section */
		869AD7A8268B9CAD006F9AD7 /* Resources */ = {
			isa = PBXResourcesBuildPhase;
			buildActionMask = 2147483647;
			files = (
				869AD7BA268B9CAF006F9AD7 /* LaunchScreen.storyboard in Resources */,
				869AD7B7268B9CAF006F9AD7 /* Assets.xcassets in Resources */,
				869AD7B5268B9CAD006F9AD7 /* Main.storyboard in Resources */,
			);
			runOnlyForDeploymentPostprocessing = 0;
		};
/* End PBXResourcesBuildPhase section */

/* Begin PBXSourcesBuildPhase section */
		869AD7A6268B9CAD006F9AD7 /* Sources */ = {
			isa = PBXSourcesBuildPhase;
			buildActionMask = 2147483647;
			files = (
				869AD7B2268B9CAD006F9AD7 /* ViewController.swift in Sources */,
				869AD7AE268B9CAD006F9AD7 /* AppDelegate.swift in Sources */,
				869AD7B0268B9CAD006F9AD7 /* SceneDelegate.swift in Sources */,
			);
			runOnlyForDeploymentPostprocessing = 0;
		};
/* End PBXSourcesBuildPhase section */

/* Begin PBXVariantGroup section */
		869AD7B3268B9CAD006F9AD7 /* Main.storyboard */ = {
			isa = PBXVariantGroup;
			children = (
				869AD7B4268B9CAD006F9AD7 /* Base */,
			);
			name = Main.storyboard;
			sourceTree = "<group>";
		};
		869AD7B8268B9CAF006F9AD7 /* LaunchScreen.storyboard */ = {
			isa = PBXVariantGroup;
			children = (
				869AD7B9268B9CAF006F9AD7 /* Base */,
			);
			name = LaunchScreen.storyboard;
			sourceTree = "<group>";
		};
/* End PBXVariantGroup section */

/* Begin XCBuildConfiguration section */
		869AD7BC268B9CAF006F9AD7 /* Debug */ = {
			isa = XCBuildConfiguration;
			buildSettings = {
				ALWAYS_SEARCH_USER_PATHS = NO;
				CLANG_ANALYZER_NONNULL = YES;
				CLANG_ANALYZER_NUMBER_OBJECT_CONVERSION = YES_AGGRESSIVE;
				CLANG_CXX_LANGUAGE_STANDARD = "gnu++14";
				CLANG_CXX_LIBRARY = "libc++";
				CLANG_ENABLE_MODULES = YES;
				CLANG_ENABLE_OBJC_ARC = YES;
				CLANG_ENABLE_OBJC_WEAK = YES;
				CLANG_WARN_BLOCK_CAPTURE_AUTORELEASING = YES;
				CLANG_WARN_BOOL_CONVERSION = YES;
				CLANG_WARN_COMMA = YES;
				CLANG_WARN_CONSTANT_CONVERSION = YES;
				CLANG_WARN_DEPRECATED_OBJC_IMPLEMENTATIONS = YES;
				CLANG_WARN_DIRECT_OBJC_ISA_USAGE = YES_ERROR;
				CLANG_WARN_DOCUMENTATION_COMMENTS = YES;
				CLANG_WARN_EMPTY_BODY = YES;
				CLANG_WARN_ENUM_CONVERSION = YES;
				CLANG_WARN_INFINITE_RECURSION = YES;
				CLANG_WARN_INT_CONVERSION = YES;
				CLANG_WARN_NON_LITERAL_NULL_CONVERSION = YES;
				CLANG_WARN_OBJC_IMPLICIT_RETAIN_SELF = YES;
				CLANG_WARN_OBJC_LITERAL_CONVERSION = YES;
				CLANG_WARN_OBJC_ROOT_CLASS = YES_ERROR;
				CLANG_WARN_QUOTED_INCLUDE_IN_FRAMEWORK_HEADER = YES;
				CLANG_WARN_RANGE_LOOP_ANALYSIS = YES;
				CLANG_WARN_STRICT_PROTOTYPES = YES;
				CLANG_WARN_SUSPICIOUS_MOVE = YES;
				CLANG_WARN_UNGUARDED_AVAILABILITY = YES_AGGRESSIVE;
				CLANG_WARN_UNREACHABLE_CODE = YES;
				CLANG_WARN__DUPLICATE_METHOD_MATCH = YES;
				COPY_PHASE_STRIP = NO;
				DEBUG_INFORMATION_FORMAT = dwarf;
				ENABLE_STRICT_OBJC_MSGSEND = YES;
				ENABLE_TESTABILITY = YES;
				GCC_C_LANGUAGE_STANDARD = gnu11;
				GCC_DYNAMIC_NO_PIC = NO;
				GCC_NO_COMMON_BLOCKS = YES;
				GCC_OPTIMIZATION_LEVEL = 0;
				GCC_PREPROCESSOR_DEFINITIONS = (
					"DEBUG=1",
					"$(inherited)",
				);
				GCC_WARN_64_TO_32_BIT_CONVERSION = YES;
				GCC_WARN_ABOUT_RETURN_TYPE = YES_ERROR;
				GCC_WARN_UNDECLARED_SELECTOR = YES;
				GCC_WARN_UNINITIALIZED_AUTOS = YES_AGGRESSIVE;
				GCC_WARN_UNUSED_FUNCTION = YES;
				GCC_WARN_UNUSED_VARIABLE = YES;
				IPHONEOS_DEPLOYMENT_TARGET = 14.5;
				MTL_ENABLE_DEBUG_INFO = INCLUDE_SOURCE;
				MTL_FAST_MATH = YES;
				ONLY_ACTIVE_ARCH = YES;
				SDKROOT = iphoneos;
				SWIFT_ACTIVE_COMPILATION_CONDITIONS = DEBUG;
				SWIFT_OPTIMIZATION_LEVEL = "-Onone";
			};
			name = Debug;
		};
		869AD7BD268B9CAF006F9AD7 /* Release */ = {
			isa = XCBuildConfiguration;
			buildSettings = {
				ALWAYS_SEARCH_USER_PATHS = NO;
				CLANG_ANALYZER_NONNULL = YES;
				CLANG_ANALYZER_NUMBER_OBJECT_CONVERSION = YES_AGGRESSIVE;
				CLANG_CXX_LANGUAGE_STANDARD = "gnu++14";
				CLANG_CXX_LIBRARY = "libc++";
				CLANG_ENABLE_MODULES = YES;
				CLANG_ENABLE_OBJC_ARC = YES;
				CLANG_ENABLE_OBJC_WEAK = YES;
				CLANG_WARN_BLOCK_CAPTURE_AUTORELEASING = YES;
				CLANG_WARN_BOOL_CONVERSION = YES;
				CLANG_WARN_COMMA = YES;
				CLANG_WARN_CONSTANT_CONVERSION = YES;
				CLANG_WARN_DEPRECATED_OBJC_IMPLEMENTATIONS = YES;
				CLANG_WARN_DIRECT_OBJC_ISA_USAGE = YES_ERROR;
				CLANG_WARN_DOCUMENTATION_COMMENTS = YES;
				CLANG_WARN_EMPTY_BODY = YES;
				CLANG_WARN_ENUM_CONVERSION = YES;
				CLANG_WARN_INFINITE_RECURSION = YES;
				CLANG_WARN_INT_CONVERSION = YES;
				CLANG_WARN_NON_LITERAL_NULL_CONVERSION = YES;
				CLANG_WARN_OBJC_IMPLICIT_RETAIN_SELF = YES;
				CLANG_WARN_OBJC_LITERAL_CONVERSION = YES;
				CLANG_WARN_OBJC_ROOT_CLASS = YES_ERROR;
				CLANG_WARN_QUOTED_INCLUDE_IN_FRAMEWORK_HEADER = YES;
				CLANG_WARN_RANGE_LOOP_ANALYSIS = YES;
				CLANG_WARN_STRICT_PROTOTYPES = YES;
				CLANG_WARN_SUSPICIOUS_MOVE = YES;
				CLANG_WARN_UNGUARDED_AVAILABILITY = YES_AGGRESSIVE;
				CLANG_WARN_UNREACHABLE_CODE = YES;
				CLANG_WARN__DUPLICATE_METHOD_MATCH = YES;
				COPY_PHASE_STRIP = NO;
				DEBUG_INFORMATION_FORMAT = "dwarf-with-dsym";
				ENABLE_NS_ASSERTIONS = NO;
				ENABLE_STRICT_OBJC_MSGSEND = YES;
				GCC_C_LANGUAGE_STANDARD = gnu11;
				GCC_NO_COMMON_BLOCKS = YES;
				GCC_WARN_64_TO_32_BIT_CONVERSION = YES;
				GCC_WARN_ABOUT_RETURN_TYPE = YES_ERROR;
				GCC_WARN_UNDECLARED_SELECTOR = YES;
				GCC_WARN_UNINITIALIZED_AUTOS = YES_AGGRESSIVE;
				GCC_WARN_UNUSED_FUNCTION = YES;
				GCC_WARN_UNUSED_VARIABLE = YES;
				IPHONEOS_DEPLOYMENT_TARGET = 14.5;
				MTL_ENABLE_DEBUG_INFO = NO;
				MTL_FAST_MATH = YES;
				SDKROOT = iphoneos;
				SWIFT_COMPILATION_MODE = wholemodule;
				SWIFT_OPTIMIZATION_LEVEL = "-O";
				VALIDATE_PRODUCT = YES;
			};
			name = Release;
		};
		869AD7BF268B9CAF006F9AD7 /* Debug */ = {
			isa = XCBuildConfiguration;
			buildSettings = {
				ASSETCATALOG_COMPILER_APPICON_NAME = AppIcon;
				ASSETCATALOG_COMPILER_GLOBAL_ACCENT_COLOR_NAME = AccentColor;
				CODE_SIGN_STYLE = Automatic;
				INFOPLIST_FILE = "kaitlynv-practice/Info.plist";
				LD_RUNPATH_SEARCH_PATHS = (
					"$(inherited)",
					"@executable_path/Frameworks",
				);
				PRODUCT_BUNDLE_IDENTIFIER = "com.example.kaitlynv-practice";
				PRODUCT_NAME = "$(TARGET_NAME)";
				SWIFT_VERSION = 5.0;
				TARGETED_DEVICE_FAMILY = "1,2";
			};
			name = Debug;
		};
		869AD7C0268B9CAF006F9AD7 /* Release */ = {
			isa = XCBuildConfiguration;
			buildSettings = {
				ASSETCATALOG_COMPILER_APPICON_NAME = AppIcon;
				ASSETCATALOG_COMPILER_GLOBAL_ACCENT_COLOR_NAME = AccentColor;
				CODE_SIGN_STYLE = Automatic;
				INFOPLIST_FILE = "kaitlynv-practice/Info.plist";
				LD_RUNPATH_SEARCH_PATHS = (
					"$(inherited)",
					"@executable_path/Frameworks",
				);
				PRODUCT_BUNDLE_IDENTIFIER = "com.example.kaitlynv-practice";
				PRODUCT_NAME = "$(TARGET_NAME)";
				SWIFT_VERSION = 5.0;
				TARGETED_DEVICE_FAMILY = "1,2";
			};
			name = Release;
		};
/* End XCBuildConfiguration section */

/* Begin XCConfigurationList section */
		869AD7A5268B9CAD006F9AD7 /* Build configuration list for PBXProject "kaitlynv-practice" */ = {
			isa = XCConfigurationList;
			buildConfigurations = (
				869AD7BC268B9CAF006F9AD7 /* Debug */,
				869AD7BD268B9CAF006F9AD7 /* Release */,
			);
			defaultConfigurationIsVisible = 0;
			defaultConfigurationName = Release;
		};
		869AD7BE268B9CAF006F9AD7 /* Build configuration list for PBXNativeTarget "kaitlynv-practice" */ = {
			isa = XCConfigurationList;
			buildConfigurations = (
				869AD7BF268B9CAF006F9AD7 /* Debug */,
				869AD7C0268B9CAF006F9AD7 /* Release */,
			);
			defaultConfigurationIsVisible = 0;
			defaultConfigurationName = Release;
		};
/* End XCConfigurationList section */
	};
	rootObject = 869AD7A2268B9CAD006F9AD7 /* Project object */;
}
